{
  "object": {
    "pins": [
      {
        "package": "Flexer",
        "repositoryURL": "https://github.com/ChimeHQ/Flexer.git",
        "state": {
          "branch": null,
          "revision": "fc83238259c8be6eade1af40d81c41e235e1d178",
          "version": "0.1.0"
        }
      },
      {
        "package": "WolfBase",
        "repositoryURL": "https://github.com/WolfMcNally/WolfBase.git",
        "state": {
          "branch": null,
          "revision": "69de5531252314bef3aa5995dd4eb03fd6c37492",
          "version": "2.3.1"
        }
      }
    ]
  },
  "version": 1
}
