{
  "object": {
    "pins": [
      {
        "package": "CryptoSwift",
        "repositoryURL": "https://github.com/krzyzanowskim/CryptoSwift.git",
        "state": {
          "branch": null,
          "revision": "8d4f6384e0a8cc41f2005247241dd553963a492a",
          "version": "1.4.1"
        }
      },
      {
        "package": "Flexer",
        "repositoryURL": "https://github.com/ChimeHQ/Flexer.git",
        "state": {
          "branch": null,
          "revision": "fc83238259c8be6eade1af40d81c41e235e1d178",
          "version": "0.1.0"
        }
      },
      {
        "package": "WolfBase",
        "repositoryURL": "https://github.com/WolfMcNally/WolfBase.git",
        "state": {
          "branch": null,
          "revision": "cd637c8820c43116c80513ff12abbff6a995e440",
          "version": "2.3.3"
        }
      }
    ]
  },
  "version": 1
}
